
Microsoft Visual Studio Solution File, Format Version 12.00
# Visual Studio Version 17
VisualStudioVersion = 17.7.34024.191
MinimumVisualStudioVersion = 10.0.40219.1
Project("{FAE04EC0-301F-11D3-BF4B-00C04F79EFBC}") = "n01593039Assignment1", "n01593039Assignment1\n01593039Assignment1.csproj", "{AC99A7A0-8168-49F0-BFC2-7B688B0DE3EF}"
EndProject
Global
	GlobalSection(SolutionConfigurationPlatforms) = preSolution
		Debug|Any CPU = Debug|Any CPU
		Release|Any CPU = Release|Any CPU
	EndGlobalSection
	GlobalSection(ProjectConfigurationPlatforms) = postSolution
		{AC99A7A0-8168-49F0-BFC2-7B688B0DE3EF}.Debug|Any CPU.ActiveCfg = Debug|Any CPU
		{AC99A7A0-8168-49F0-BFC2-7B688B0DE3EF}.Debug|Any CPU.Build.0 = Debug|Any CPU
		{AC99A7A0-8168-49F0-BFC2-7B688B0DE3EF}.Release|Any CPU.ActiveCfg = Release|Any CPU
		{AC99A7A0-8168-49F0-BFC2-7B688B0DE3EF}.Release|Any CPU.Build.0 = Release|Any CPU
	EndGlobalSection
	GlobalSection(SolutionProperties) = preSolution
		HideSolutionNode = FALSE
	EndGlobalSection
	GlobalSection(ExtensibilityGlobals) = postSolution
		SolutionGuid = {5E00CB39-AFED-4A85-BE37-43AEE8535CAB}
	EndGlobalSection
EndGlobal
